
Microsoft Visual Studio Solution File, Format Version 12.00
# Visual Studio 14
VisualStudioVersion = 14.0.25420.1
MinimumVisualStudioVersion = 10.0.40219.1
Project("{FAE04EC0-301F-11D3-BF4B-00C04F79EFBC}") = "SafeOregon", "SafeOregon\SafeOregon\SafeOregon.csproj", "{EF06CD64-F81A-49DC-BD24-50E364695CA2}"
EndProject
Project("{FAE04EC0-301F-11D3-BF4B-00C04F79EFBC}") = "SafeOregon.Droid", "SafeOregon\SafeOregon.Droid\SafeOregon.Droid.csproj", "{CEC22086-924B-4D45-9C3F-21B530BFD148}"
EndProject
Project("{FAE04EC0-301F-11D3-BF4B-00C04F79EFBC}") = "SafeOregon.iOS", "SafeOregon\SafeOregon.iOS\SafeOregon.iOS.csproj", "{6851BCE0-9A8D-432C-9030-524EEC1E91B9}"
EndProject
Project("{FAE04EC0-301F-11D3-BF4B-00C04F79EFBC}") = "SafeOregon.WinPhone", "SafeOregon\SafeOregon.WinPhone\SafeOregon.WinPhone.csproj", "{80E88B92-0858-42A7-8392-B2D20298FDB9}"
EndProject
Project("{FAE04EC0-301F-11D3-BF4B-00C04F79EFBC}") = "SafeOregon.Windows", "SafeOregon\SafeOregon.Windows\SafeOregon.Windows.csproj", "{DEE77312-E0AB-437A-8155-130995282299}"
EndProject
Global
	GlobalSection(SolutionConfigurationPlatforms) = preSolution
		Ad-Hoc|Any CPU = Ad-Hoc|Any CPU
		Ad-Hoc|ARM = Ad-Hoc|ARM
		Ad-Hoc|iPhone = Ad-Hoc|iPhone
		Ad-Hoc|iPhoneSimulator = Ad-Hoc|iPhoneSimulator
		Ad-Hoc|x64 = Ad-Hoc|x64
		Ad-Hoc|x86 = Ad-Hoc|x86
		AppStore|Any CPU = AppStore|Any CPU
		AppStore|ARM = AppStore|ARM
		AppStore|iPhone = AppStore|iPhone
		AppStore|iPhoneSimulator = AppStore|iPhoneSimulator
		AppStore|x64 = AppStore|x64
		AppStore|x86 = AppStore|x86
		Debug|Any CPU = Debug|Any CPU
		Debug|ARM = Debug|ARM
		Debug|iPhone = Debug|iPhone
		Debug|iPhoneSimulator = Debug|iPhoneSimulator
		Debug|x64 = Debug|x64
		Debug|x86 = Debug|x86
		NuProj|Any CPU = NuProj|Any CPU
		NuProj|ARM = NuProj|ARM
		NuProj|iPhone = NuProj|iPhone
		NuProj|iPhoneSimulator = NuProj|iPhoneSimulator
		NuProj|x64 = NuProj|x64
		NuProj|x86 = NuProj|x86
		Release|Any CPU = Release|Any CPU
		Release|ARM = Release|ARM
		Release|iPhone = Release|iPhone
		Release|iPhoneSimulator = Release|iPhoneSimulator
		Release|x64 = Release|x64
		Release|x86 = Release|x86
	EndGlobalSection
	GlobalSection(ProjectConfigurationPlatforms) = postSolution
		{EF06CD64-F81A-49DC-BD24-50E364695CA2}.Ad-Hoc|Any CPU.ActiveCfg = Release|Any CPU
		{EF06CD64-F81A-49DC-BD24-50E364695CA2}.Ad-Hoc|Any CPU.Build.0 = Release|Any CPU
		{EF06CD64-F81A-49DC-BD24-50E364695CA2}.Ad-Hoc|ARM.ActiveCfg = Release|Any CPU
		{EF06CD64-F81A-49DC-BD24-50E364695CA2}.Ad-Hoc|ARM.Build.0 = Release|Any CPU
		{EF06CD64-F81A-49DC-BD24-50E364695CA2}.Ad-Hoc|iPhone.ActiveCfg = Release|Any CPU
		{EF06CD64-F81A-49DC-BD24-50E364695CA2}.Ad-Hoc|iPhone.Build.0 = Release|Any CPU
		{EF06CD64-F81A-49DC-BD24-50E364695CA2}.Ad-Hoc|iPhoneSimulator.ActiveCfg = Release|Any CPU
		{EF06CD64-F81A-49DC-BD24-50E364695CA2}.Ad-Hoc|iPhoneSimulator.Build.0 = Release|Any CPU
		{EF06CD64-F81A-49DC-BD24-50E364695CA2}.Ad-Hoc|x64.ActiveCfg = Release|Any CPU
		{EF06CD64-F81A-49DC-BD24-50E364695CA2}.Ad-Hoc|x64.Build.0 = Release|Any CPU
		{EF06CD64-F81A-49DC-BD24-50E364695CA2}.Ad-Hoc|x86.ActiveCfg = Release|Any CPU
		{EF06CD64-F81A-49DC-BD24-50E364695CA2}.Ad-Hoc|x86.Build.0 = Release|Any CPU
		{EF06CD64-F81A-49DC-BD24-50E364695CA2}.AppStore|Any CPU.ActiveCfg = Release|Any CPU
		{EF06CD64-F81A-49DC-BD24-50E364695CA2}.AppStore|Any CPU.Build.0 = Release|Any CPU
		{EF06CD64-F81A-49DC-BD24-50E364695CA2}.AppStore|ARM.ActiveCfg = Release|Any CPU
		{EF06CD64-F81A-49DC-BD24-50E364695CA2}.AppStore|ARM.Build.0 = Release|Any CPU
		{EF06CD64-F81A-49DC-BD24-50E364695CA2}.AppStore|iPhone.ActiveCfg = Release|Any CPU
		{EF06CD64-F81A-49DC-BD24-50E364695CA2}.AppStore|iPhone.Build.0 = Release|Any CPU
		{EF06CD64-F81A-49DC-BD24-50E364695CA2}.AppStore|iPhoneSimulator.ActiveCfg = Release|Any CPU
		{EF06CD64-F81A-49DC-BD24-50E364695CA2}.AppStore|iPhoneSimulator.Build.0 = Release|Any CPU
		{EF06CD64-F81A-49DC-BD24-50E364695CA2}.AppStore|x64.ActiveCfg = Release|Any CPU
		{EF06CD64-F81A-49DC-BD24-50E364695CA2}.AppStore|x64.Build.0 = Release|Any CPU
		{EF06CD64-F81A-49DC-BD24-50E364695CA2}.AppStore|x86.ActiveCfg = Release|Any CPU
		{EF06CD64-F81A-49DC-BD24-50E364695CA2}.AppStore|x86.Build.0 = Release|Any CPU
		{EF06CD64-F81A-49DC-BD24-50E364695CA2}.Debug|Any CPU.ActiveCfg = Debug|Any CPU
		{EF06CD64-F81A-49DC-BD24-50E364695CA2}.Debug|Any CPU.Build.0 = Debug|Any CPU
		{EF06CD64-F81A-49DC-BD24-50E364695CA2}.Debug|ARM.ActiveCfg = Debug|Any CPU
		{EF06CD64-F81A-49DC-BD24-50E364695CA2}.Debug|ARM.Build.0 = Debug|Any CPU
		{EF06CD64-F81A-49DC-BD24-50E364695CA2}.Debug|iPhone.ActiveCfg = Debug|Any CPU
		{EF06CD64-F81A-49DC-BD24-50E364695CA2}.Debug|iPhone.Build.0 = Debug|Any CPU
		{EF06CD64-F81A-49DC-BD24-50E364695CA2}.Debug|iPhoneSimulator.ActiveCfg = Debug|Any CPU
		{EF06CD64-F81A-49DC-BD24-50E364695CA2}.Debug|iPhoneSimulator.Build.0 = Debug|Any CPU
		{EF06CD64-F81A-49DC-BD24-50E364695CA2}.Debug|x64.ActiveCfg = Debug|Any CPU
		{EF06CD64-F81A-49DC-BD24-50E364695CA2}.Debug|x64.Build.0 = Debug|Any CPU
		{EF06CD64-F81A-49DC-BD24-50E364695CA2}.Debug|x86.ActiveCfg = Debug|Any CPU
		{EF06CD64-F81A-49DC-BD24-50E364695CA2}.Debug|x86.Build.0 = Debug|Any CPU
		{EF06CD64-F81A-49DC-BD24-50E364695CA2}.NuProj|Any CPU.ActiveCfg = Debug|Any CPU
		{EF06CD64-F81A-49DC-BD24-50E364695CA2}.NuProj|Any CPU.Build.0 = Debug|Any CPU
		{EF06CD64-F81A-49DC-BD24-50E364695CA2}.NuProj|ARM.ActiveCfg = Debug|Any CPU
		{EF06CD64-F81A-49DC-BD24-50E364695CA2}.NuProj|ARM.Build.0 = Debug|Any CPU
		{EF06CD64-F81A-49DC-BD24-50E364695CA2}.NuProj|iPhone.ActiveCfg = Debug|Any CPU
		{EF06CD64-F81A-49DC-BD24-50E364695CA2}.NuProj|iPhone.Build.0 = Debug|Any CPU
		{EF06CD64-F81A-49DC-BD24-50E364695CA2}.NuProj|iPhoneSimulator.ActiveCfg = Debug|Any CPU
		{EF06CD64-F81A-49DC-BD24-50E364695CA2}.NuProj|iPhoneSimulator.Build.0 = Debug|Any CPU
		{EF06CD64-F81A-49DC-BD24-50E364695CA2}.NuProj|x64.ActiveCfg = Debug|Any CPU
		{EF06CD64-F81A-49DC-BD24-50E364695CA2}.NuProj|x64.Build.0 = Debug|Any CPU
		{EF06CD64-F81A-49DC-BD24-50E364695CA2}.NuProj|x86.ActiveCfg = Debug|Any CPU
		{EF06CD64-F81A-49DC-BD24-50E364695CA2}.NuProj|x86.Build.0 = Debug|Any CPU
		{EF06CD64-F81A-49DC-BD24-50E364695CA2}.Release|Any CPU.ActiveCfg = Release|Any CPU
		{EF06CD64-F81A-49DC-BD24-50E364695CA2}.Release|Any CPU.Build.0 = Release|Any CPU
		{EF06CD64-F81A-49DC-BD24-50E364695CA2}.Release|ARM.ActiveCfg = Release|Any CPU
		{EF06CD64-F81A-49DC-BD24-50E364695CA2}.Release|ARM.Build.0 = Release|Any CPU
		{EF06CD64-F81A-49DC-BD24-50E364695CA2}.Release|iPhone.ActiveCfg = Release|Any CPU
		{EF06CD64-F81A-49DC-BD24-50E364695CA2}.Release|iPhone.Build.0 = Release|Any CPU
		{EF06CD64-F81A-49DC-BD24-50E364695CA2}.Release|iPhoneSimulator.ActiveCfg = Release|Any CPU
		{EF06CD64-F81A-49DC-BD24-50E364695CA2}.Release|iPhoneSimulator.Build.0 = Release|Any CPU
		{EF06CD64-F81A-49DC-BD24-50E364695CA2}.Release|x64.ActiveCfg = Release|Any CPU
		{EF06CD64-F81A-49DC-BD24-50E364695CA2}.Release|x64.Build.0 = Release|Any CPU
		{EF06CD64-F81A-49DC-BD24-50E364695CA2}.Release|x86.ActiveCfg = Release|Any CPU
		{EF06CD64-F81A-49DC-BD24-50E364695CA2}.Release|x86.Build.0 = Release|Any CPU
		{CEC22086-924B-4D45-9C3F-21B530BFD148}.Ad-Hoc|Any CPU.ActiveCfg = Release|Any CPU
		{CEC22086-924B-4D45-9C3F-21B530BFD148}.Ad-Hoc|Any CPU.Build.0 = Release|Any CPU
		{CEC22086-924B-4D45-9C3F-21B530BFD148}.Ad-Hoc|Any CPU.Deploy.0 = Release|Any CPU
		{CEC22086-924B-4D45-9C3F-21B530BFD148}.Ad-Hoc|ARM.ActiveCfg = Release|Any CPU
		{CEC22086-924B-4D45-9C3F-21B530BFD148}.Ad-Hoc|ARM.Build.0 = Release|Any CPU
		{CEC22086-924B-4D45-9C3F-21B530BFD148}.Ad-Hoc|ARM.Deploy.0 = Release|Any CPU
		{CEC22086-924B-4D45-9C3F-21B530BFD148}.Ad-Hoc|iPhone.ActiveCfg = Release|Any CPU
		{CEC22086-924B-4D45-9C3F-21B530BFD148}.Ad-Hoc|iPhone.Build.0 = Release|Any CPU
		{CEC22086-924B-4D45-9C3F-21B530BFD148}.Ad-Hoc|iPhone.Deploy.0 = Release|Any CPU
		{CEC22086-924B-4D45-9C3F-21B530BFD148}.Ad-Hoc|iPhoneSimulator.ActiveCfg = Release|Any CPU
		{CEC22086-924B-4D45-9C3F-21B530BFD148}.Ad-Hoc|iPhoneSimulator.Build.0 = Release|Any CPU
		{CEC22086-924B-4D45-9C3F-21B530BFD148}.Ad-Hoc|iPhoneSimulator.Deploy.0 = Release|Any CPU
		{CEC22086-924B-4D45-9C3F-21B530BFD148}.Ad-Hoc|x64.ActiveCfg = Release|Any CPU
		{CEC22086-924B-4D45-9C3F-21B530BFD148}.Ad-Hoc|x64.Build.0 = Release|Any CPU
		{CEC22086-924B-4D45-9C3F-21B530BFD148}.Ad-Hoc|x64.Deploy.0 = Release|Any CPU
		{CEC22086-924B-4D45-9C3F-21B530BFD148}.Ad-Hoc|x86.ActiveCfg = Release|Any CPU
		{CEC22086-924B-4D45-9C3F-21B530BFD148}.Ad-Hoc|x86.Build.0 = Release|Any CPU
		{CEC22086-924B-4D45-9C3F-21B530BFD148}.Ad-Hoc|x86.Deploy.0 = Release|Any CPU
		{CEC22086-924B-4D45-9C3F-21B530BFD148}.AppStore|Any CPU.ActiveCfg = Release|Any CPU
		{CEC22086-924B-4D45-9C3F-21B530BFD148}.AppStore|Any CPU.Build.0 = Release|Any CPU
		{CEC22086-924B-4D45-9C3F-21B530BFD148}.AppStore|Any CPU.Deploy.0 = Release|Any CPU
		{CEC22086-924B-4D45-9C3F-21B530BFD148}.AppStore|ARM.ActiveCfg = Release|Any CPU
		{CEC22086-924B-4D45-9C3F-21B530BFD148}.AppStore|ARM.Build.0 = Release|Any CPU
		{CEC22086-924B-4D45-9C3F-21B530BFD148}.AppStore|ARM.Deploy.0 = Release|Any CPU
		{CEC22086-924B-4D45-9C3F-21B530BFD148}.AppStore|iPhone.ActiveCfg = Release|Any CPU
		{CEC22086-924B-4D45-9C3F-21B530BFD148}.AppStore|iPhone.Build.0 = Release|Any CPU
		{CEC22086-924B-4D45-9C3F-21B530BFD148}.AppStore|iPhone.Deploy.0 = Release|Any CPU
		{CEC22086-924B-4D45-9C3F-21B530BFD148}.AppStore|iPhoneSimulator.ActiveCfg = Release|Any CPU
		{CEC22086-924B-4D45-9C3F-21B530BFD148}.AppStore|iPhoneSimulator.Build.0 = Release|Any CPU
		{CEC22086-924B-4D45-9C3F-21B530BFD148}.AppStore|iPhoneSimulator.Deploy.0 = Release|Any CPU
		{CEC22086-924B-4D45-9C3F-21B530BFD148}.AppStore|x64.ActiveCfg = Release|Any CPU
		{CEC22086-924B-4D45-9C3F-21B530BFD148}.AppStore|x64.Build.0 = Release|Any CPU
		{CEC22086-924B-4D45-9C3F-21B530BFD148}.AppStore|x64.Deploy.0 = Release|Any CPU
		{CEC22086-924B-4D45-9C3F-21B530BFD148}.AppStore|x86.ActiveCfg = Release|Any CPU
		{CEC22086-924B-4D45-9C3F-21B530BFD148}.AppStore|x86.Build.0 = Release|Any CPU
		{CEC22086-924B-4D45-9C3F-21B530BFD148}.AppStore|x86.Deploy.0 = Release|Any CPU
		{CEC22086-924B-4D45-9C3F-21B530BFD148}.Debug|Any CPU.ActiveCfg = Debug|Any CPU
		{CEC22086-924B-4D45-9C3F-21B530BFD148}.Debug|Any CPU.Build.0 = Debug|Any CPU
		{CEC22086-924B-4D45-9C3F-21B530BFD148}.Debug|Any CPU.Deploy.0 = Debug|Any CPU
		{CEC22086-924B-4D45-9C3F-21B530BFD148}.Debug|ARM.ActiveCfg = Debug|Any CPU
		{CEC22086-924B-4D45-9C3F-21B530BFD148}.Debug|ARM.Build.0 = Debug|Any CPU
		{CEC22086-924B-4D45-9C3F-21B530BFD148}.Debug|ARM.Deploy.0 = Debug|Any CPU
		{CEC22086-924B-4D45-9C3F-21B530BFD148}.Debug|iPhone.ActiveCfg = Debug|Any CPU
		{CEC22086-924B-4D45-9C3F-21B530BFD148}.Debug|iPhone.Build.0 = Debug|Any CPU
		{CEC22086-924B-4D45-9C3F-21B530BFD148}.Debug|iPhone.Deploy.0 = Debug|Any CPU
		{CEC22086-924B-4D45-9C3F-21B530BFD148}.Debug|iPhoneSimulator.ActiveCfg = Debug|Any CPU
		{CEC22086-924B-4D45-9C3F-21B530BFD148}.Debug|iPhoneSimulator.Build.0 = Debug|Any CPU
		{CEC22086-924B-4D45-9C3F-21B530BFD148}.Debug|iPhoneSimulator.Deploy.0 = Debug|Any CPU
		{CEC22086-924B-4D45-9C3F-21B530BFD148}.Debug|x64.ActiveCfg = Debug|Any CPU
		{CEC22086-924B-4D45-9C3F-21B530BFD148}.Debug|x64.Build.0 = Debug|Any CPU
		{CEC22086-924B-4D45-9C3F-21B530BFD148}.Debug|x64.Deploy.0 = Debug|Any CPU
		{CEC22086-924B-4D45-9C3F-21B530BFD148}.Debug|x86.ActiveCfg = Debug|Any CPU
		{CEC22086-924B-4D45-9C3F-21B530BFD148}.Debug|x86.Build.0 = Debug|Any CPU
		{CEC22086-924B-4D45-9C3F-21B530BFD148}.Debug|x86.Deploy.0 = Debug|Any CPU
		{CEC22086-924B-4D45-9C3F-21B530BFD148}.NuProj|Any CPU.ActiveCfg = Debug|Any CPU
		{CEC22086-924B-4D45-9C3F-21B530BFD148}.NuProj|Any CPU.Build.0 = Debug|Any CPU
		{CEC22086-924B-4D45-9C3F-21B530BFD148}.NuProj|Any CPU.Deploy.0 = Debug|Any CPU
		{CEC22086-924B-4D45-9C3F-21B530BFD148}.NuProj|ARM.ActiveCfg = Debug|Any CPU
		{CEC22086-924B-4D45-9C3F-21B530BFD148}.NuProj|ARM.Build.0 = Debug|Any CPU
		{CEC22086-924B-4D45-9C3F-21B530BFD148}.NuProj|ARM.Deploy.0 = Debug|Any CPU
		{CEC22086-924B-4D45-9C3F-21B530BFD148}.NuProj|iPhone.ActiveCfg = Debug|Any CPU
		{CEC22086-924B-4D45-9C3F-21B530BFD148}.NuProj|iPhone.Build.0 = Debug|Any CPU
		{CEC22086-924B-4D45-9C3F-21B530BFD148}.NuProj|iPhone.Deploy.0 = Debug|Any CPU
		{CEC22086-924B-4D45-9C3F-21B530BFD148}.NuProj|iPhoneSimulator.ActiveCfg = Debug|Any CPU
		{CEC22086-924B-4D45-9C3F-21B530BFD148}.NuProj|iPhoneSimulator.Build.0 = Debug|Any CPU
		{CEC22086-924B-4D45-9C3F-21B530BFD148}.NuProj|iPhoneSimulator.Deploy.0 = Debug|Any CPU
		{CEC22086-924B-4D45-9C3F-21B530BFD148}.NuProj|x64.ActiveCfg = Debug|Any CPU
		{CEC22086-924B-4D45-9C3F-21B530BFD148}.NuProj|x64.Build.0 = Debug|Any CPU
		{CEC22086-924B-4D45-9C3F-21B530BFD148}.NuProj|x64.Deploy.0 = Debug|Any CPU
		{CEC22086-924B-4D45-9C3F-21B530BFD148}.NuProj|x86.ActiveCfg = Debug|Any CPU
		{CEC22086-924B-4D45-9C3F-21B530BFD148}.NuProj|x86.Build.0 = Debug|Any CPU
		{CEC22086-924B-4D45-9C3F-21B530BFD148}.NuProj|x86.Deploy.0 = Debug|Any CPU
		{CEC22086-924B-4D45-9C3F-21B530BFD148}.Release|Any CPU.ActiveCfg = Release|Any CPU
		{CEC22086-924B-4D45-9C3F-21B530BFD148}.Release|Any CPU.Build.0 = Release|Any CPU
		{CEC22086-924B-4D45-9C3F-21B530BFD148}.Release|Any CPU.Deploy.0 = Release|Any CPU
		{CEC22086-924B-4D45-9C3F-21B530BFD148}.Release|ARM.ActiveCfg = Release|Any CPU
		{CEC22086-924B-4D45-9C3F-21B530BFD148}.Release|ARM.Build.0 = Release|Any CPU
		{CEC22086-924B-4D45-9C3F-21B530BFD148}.Release|ARM.Deploy.0 = Release|Any CPU
		{CEC22086-924B-4D45-9C3F-21B530BFD148}.Release|iPhone.ActiveCfg = Release|Any CPU
		{CEC22086-924B-4D45-9C3F-21B530BFD148}.Release|iPhone.Build.0 = Release|Any CPU
		{CEC22086-924B-4D45-9C3F-21B530BFD148}.Release|iPhone.Deploy.0 = Release|Any CPU
		{CEC22086-924B-4D45-9C3F-21B530BFD148}.Release|iPhoneSimulator.ActiveCfg = Release|Any CPU
		{CEC22086-924B-4D45-9C3F-21B530BFD148}.Release|iPhoneSimulator.Build.0 = Release|Any CPU
		{CEC22086-924B-4D45-9C3F-21B530BFD148}.Release|iPhoneSimulator.Deploy.0 = Release|Any CPU
		{CEC22086-924B-4D45-9C3F-21B530BFD148}.Release|x64.ActiveCfg = Release|Any CPU
		{CEC22086-924B-4D45-9C3F-21B530BFD148}.Release|x64.Build.0 = Release|Any CPU
		{CEC22086-924B-4D45-9C3F-21B530BFD148}.Release|x64.Deploy.0 = Release|Any CPU
		{CEC22086-924B-4D45-9C3F-21B530BFD148}.Release|x86.ActiveCfg = Release|Any CPU
		{CEC22086-924B-4D45-9C3F-21B530BFD148}.Release|x86.Build.0 = Release|Any CPU
		{CEC22086-924B-4D45-9C3F-21B530BFD148}.Release|x86.Deploy.0 = Release|Any CPU
		{6851BCE0-9A8D-432C-9030-524EEC1E91B9}.Ad-Hoc|Any CPU.ActiveCfg = Ad-Hoc|iPhone
		{6851BCE0-9A8D-432C-9030-524EEC1E91B9}.Ad-Hoc|ARM.ActiveCfg = Ad-Hoc|iPhone
		{6851BCE0-9A8D-432C-9030-524EEC1E91B9}.Ad-Hoc|iPhone.ActiveCfg = Ad-Hoc|iPhone
		{6851BCE0-9A8D-432C-9030-524EEC1E91B9}.Ad-Hoc|iPhone.Build.0 = Ad-Hoc|iPhone
		{6851BCE0-9A8D-432C-9030-524EEC1E91B9}.Ad-Hoc|iPhoneSimulator.ActiveCfg = Ad-Hoc|iPhoneSimulator
		{6851BCE0-9A8D-432C-9030-524EEC1E91B9}.Ad-Hoc|iPhoneSimulator.Build.0 = Ad-Hoc|iPhoneSimulator
		{6851BCE0-9A8D-432C-9030-524EEC1E91B9}.Ad-Hoc|x64.ActiveCfg = Ad-Hoc|iPhone
		{6851BCE0-9A8D-432C-9030-524EEC1E91B9}.Ad-Hoc|x86.ActiveCfg = Ad-Hoc|iPhone
		{6851BCE0-9A8D-432C-9030-524EEC1E91B9}.AppStore|Any CPU.ActiveCfg = AppStore|iPhone
		{6851BCE0-9A8D-432C-9030-524EEC1E91B9}.AppStore|ARM.ActiveCfg = AppStore|iPhone
		{6851BCE0-9A8D-432C-9030-524EEC1E91B9}.AppStore|iPhone.ActiveCfg = AppStore|iPhone
		{6851BCE0-9A8D-432C-9030-524EEC1E91B9}.AppStore|iPhone.Build.0 = AppStore|iPhone
		{6851BCE0-9A8D-432C-9030-524EEC1E91B9}.AppStore|iPhoneSimulator.ActiveCfg = AppStore|iPhoneSimulator
		{6851BCE0-9A8D-432C-9030-524EEC1E91B9}.AppStore|iPhoneSimulator.Build.0 = AppStore|iPhoneSimulator
		{6851BCE0-9A8D-432C-9030-524EEC1E91B9}.AppStore|x64.ActiveCfg = AppStore|iPhone
		{6851BCE0-9A8D-432C-9030-524EEC1E91B9}.AppStore|x86.ActiveCfg = AppStore|iPhone
		{6851BCE0-9A8D-432C-9030-524EEC1E91B9}.Debug|Any CPU.ActiveCfg = Debug|iPhone
		{6851BCE0-9A8D-432C-9030-524EEC1E91B9}.Debug|ARM.ActiveCfg = Debug|iPhone
		{6851BCE0-9A8D-432C-9030-524EEC1E91B9}.Debug|iPhone.ActiveCfg = Debug|iPhone
		{6851BCE0-9A8D-432C-9030-524EEC1E91B9}.Debug|iPhone.Build.0 = Debug|iPhone
		{6851BCE0-9A8D-432C-9030-524EEC1E91B9}.Debug|iPhoneSimulator.ActiveCfg = Debug|iPhoneSimulator
		{6851BCE0-9A8D-432C-9030-524EEC1E91B9}.Debug|iPhoneSimulator.Build.0 = Debug|iPhoneSimulator
		{6851BCE0-9A8D-432C-9030-524EEC1E91B9}.Debug|x64.ActiveCfg = Debug|iPhone
		{6851BCE0-9A8D-432C-9030-524EEC1E91B9}.Debug|x86.ActiveCfg = Debug|iPhone
		{6851BCE0-9A8D-432C-9030-524EEC1E91B9}.NuProj|Any CPU.ActiveCfg = Release|iPhoneSimulator
		{6851BCE0-9A8D-432C-9030-524EEC1E91B9}.NuProj|Any CPU.Build.0 = Release|iPhoneSimulator
		{6851BCE0-9A8D-432C-9030-524EEC1E91B9}.NuProj|ARM.ActiveCfg = Release|iPhoneSimulator
		{6851BCE0-9A8D-432C-9030-524EEC1E91B9}.NuProj|ARM.Build.0 = Release|iPhoneSimulator
		{6851BCE0-9A8D-432C-9030-524EEC1E91B9}.NuProj|iPhone.ActiveCfg = Release|iPhone
		{6851BCE0-9A8D-432C-9030-524EEC1E91B9}.NuProj|iPhone.Build.0 = Release|iPhone
		{6851BCE0-9A8D-432C-9030-524EEC1E91B9}.NuProj|iPhoneSimulator.ActiveCfg = Release|iPhoneSimulator
		{6851BCE0-9A8D-432C-9030-524EEC1E91B9}.NuProj|iPhoneSimulator.Build.0 = Release|iPhoneSimulator
		{6851BCE0-9A8D-432C-9030-524EEC1E91B9}.NuProj|x64.ActiveCfg = Release|iPhoneSimulator
		{6851BCE0-9A8D-432C-9030-524EEC1E91B9}.NuProj|x64.Build.0 = Release|iPhoneSimulator
		{6851BCE0-9A8D-432C-9030-524EEC1E91B9}.NuProj|x86.ActiveCfg = Release|iPhoneSimulator
		{6851BCE0-9A8D-432C-9030-524EEC1E91B9}.NuProj|x86.Build.0 = Release|iPhoneSimulator
		{6851BCE0-9A8D-432C-9030-524EEC1E91B9}.Release|Any CPU.ActiveCfg = Release|iPhone
		{6851BCE0-9A8D-432C-9030-524EEC1E91B9}.Release|ARM.ActiveCfg = Release|iPhone
		{6851BCE0-9A8D-432C-9030-524EEC1E91B9}.Release|iPhone.ActiveCfg = Release|iPhone
		{6851BCE0-9A8D-432C-9030-524EEC1E91B9}.Release|iPhone.Build.0 = Release|iPhone
		{6851BCE0-9A8D-432C-9030-524EEC1E91B9}.Release|iPhoneSimulator.ActiveCfg = Release|iPhoneSimulator
		{6851BCE0-9A8D-432C-9030-524EEC1E91B9}.Release|iPhoneSimulator.Build.0 = Release|iPhoneSimulator
		{6851BCE0-9A8D-432C-9030-524EEC1E91B9}.Release|x64.ActiveCfg = Release|iPhone
		{6851BCE0-9A8D-432C-9030-524EEC1E91B9}.Release|x86.ActiveCfg = Release|iPhone
		{80E88B92-0858-42A7-8392-B2D20298FDB9}.Ad-Hoc|Any CPU.ActiveCfg = Release|Any CPU
		{80E88B92-0858-42A7-8392-B2D20298FDB9}.Ad-Hoc|Any CPU.Build.0 = Release|Any CPU
		{80E88B92-0858-42A7-8392-B2D20298FDB9}.Ad-Hoc|Any CPU.Deploy.0 = Release|Any CPU
		{80E88B92-0858-42A7-8392-B2D20298FDB9}.Ad-Hoc|ARM.ActiveCfg = Release|ARM
		{80E88B92-0858-42A7-8392-B2D20298FDB9}.Ad-Hoc|ARM.Build.0 = Release|ARM
		{80E88B92-0858-42A7-8392-B2D20298FDB9}.Ad-Hoc|ARM.Deploy.0 = Release|ARM
		{80E88B92-0858-42A7-8392-B2D20298FDB9}.Ad-Hoc|iPhone.ActiveCfg = Release|Any CPU
		{80E88B92-0858-42A7-8392-B2D20298FDB9}.Ad-Hoc|iPhone.Build.0 = Release|Any CPU
		{80E88B92-0858-42A7-8392-B2D20298FDB9}.Ad-Hoc|iPhone.Deploy.0 = Release|Any CPU
		{80E88B92-0858-42A7-8392-B2D20298FDB9}.Ad-Hoc|iPhoneSimulator.ActiveCfg = Release|Any CPU
		{80E88B92-0858-42A7-8392-B2D20298FDB9}.Ad-Hoc|iPhoneSimulator.Build.0 = Release|Any CPU
		{80E88B92-0858-42A7-8392-B2D20298FDB9}.Ad-Hoc|iPhoneSimulator.Deploy.0 = Release|Any CPU
		{80E88B92-0858-42A7-8392-B2D20298FDB9}.Ad-Hoc|x64.ActiveCfg = Release|Any CPU
		{80E88B92-0858-42A7-8392-B2D20298FDB9}.Ad-Hoc|x64.Build.0 = Release|Any CPU
		{80E88B92-0858-42A7-8392-B2D20298FDB9}.Ad-Hoc|x64.Deploy.0 = Release|Any CPU
		{80E88B92-0858-42A7-8392-B2D20298FDB9}.Ad-Hoc|x86.ActiveCfg = Release|x86
		{80E88B92-0858-42A7-8392-B2D20298FDB9}.Ad-Hoc|x86.Build.0 = Release|x86
		{80E88B92-0858-42A7-8392-B2D20298FDB9}.Ad-Hoc|x86.Deploy.0 = Release|x86
		{80E88B92-0858-42A7-8392-B2D20298FDB9}.AppStore|Any CPU.ActiveCfg = Release|Any CPU
		{80E88B92-0858-42A7-8392-B2D20298FDB9}.AppStore|Any CPU.Build.0 = Release|Any CPU
		{80E88B92-0858-42A7-8392-B2D20298FDB9}.AppStore|Any CPU.Deploy.0 = Release|Any CPU
		{80E88B92-0858-42A7-8392-B2D20298FDB9}.AppStore|ARM.ActiveCfg = Release|ARM
		{80E88B92-0858-42A7-8392-B2D20298FDB9}.AppStore|ARM.Build.0 = Release|ARM
		{80E88B92-0858-42A7-8392-B2D20298FDB9}.AppStore|ARM.Deploy.0 = Release|ARM
		{80E88B92-0858-42A7-8392-B2D20298FDB9}.AppStore|iPhone.ActiveCfg = Release|Any CPU
		{80E88B92-0858-42A7-8392-B2D20298FDB9}.AppStore|iPhone.Build.0 = Release|Any CPU
		{80E88B92-0858-42A7-8392-B2D20298FDB9}.AppStore|iPhone.Deploy.0 = Release|Any CPU
		{80E88B92-0858-42A7-8392-B2D20298FDB9}.AppStore|iPhoneSimulator.ActiveCfg = Release|Any CPU
		{80E88B92-0858-42A7-8392-B2D20298FDB9}.AppStore|iPhoneSimulator.Build.0 = Release|Any CPU
		{80E88B92-0858-42A7-8392-B2D20298FDB9}.AppStore|iPhoneSimulator.Deploy.0 = Release|Any CPU
		{80E88B92-0858-42A7-8392-B2D20298FDB9}.AppStore|x64.ActiveCfg = Release|Any CPU
		{80E88B92-0858-42A7-8392-B2D20298FDB9}.AppStore|x64.Build.0 = Release|Any CPU
		{80E88B92-0858-42A7-8392-B2D20298FDB9}.AppStore|x64.Deploy.0 = Release|Any CPU
		{80E88B92-0858-42A7-8392-B2D20298FDB9}.AppStore|x86.ActiveCfg = Release|x86
		{80E88B92-0858-42A7-8392-B2D20298FDB9}.AppStore|x86.Build.0 = Release|x86
		{80E88B92-0858-42A7-8392-B2D20298FDB9}.AppStore|x86.Deploy.0 = Release|x86
		{80E88B92-0858-42A7-8392-B2D20298FDB9}.Debug|Any CPU.ActiveCfg = Debug|Any CPU
		{80E88B92-0858-42A7-8392-B2D20298FDB9}.Debug|Any CPU.Build.0 = Debug|Any CPU
		{80E88B92-0858-42A7-8392-B2D20298FDB9}.Debug|Any CPU.Deploy.0 = Debug|Any CPU
		{80E88B92-0858-42A7-8392-B2D20298FDB9}.Debug|ARM.ActiveCfg = Debug|ARM
		{80E88B92-0858-42A7-8392-B2D20298FDB9}.Debug|ARM.Build.0 = Debug|ARM
		{80E88B92-0858-42A7-8392-B2D20298FDB9}.Debug|ARM.Deploy.0 = Debug|ARM
		{80E88B92-0858-42A7-8392-B2D20298FDB9}.Debug|iPhone.ActiveCfg = Debug|Any CPU
		{80E88B92-0858-42A7-8392-B2D20298FDB9}.Debug|iPhone.Build.0 = Debug|Any CPU
		{80E88B92-0858-42A7-8392-B2D20298FDB9}.Debug|iPhone.Deploy.0 = Debug|Any CPU
		{80E88B92-0858-42A7-8392-B2D20298FDB9}.Debug|iPhoneSimulator.ActiveCfg = Debug|Any CPU
		{80E88B92-0858-42A7-8392-B2D20298FDB9}.Debug|iPhoneSimulator.Build.0 = Debug|Any CPU
		{80E88B92-0858-42A7-8392-B2D20298FDB9}.Debug|iPhoneSimulator.Deploy.0 = Debug|Any CPU
		{80E88B92-0858-42A7-8392-B2D20298FDB9}.Debug|x64.ActiveCfg = Debug|Any CPU
		{80E88B92-0858-42A7-8392-B2D20298FDB9}.Debug|x64.Build.0 = Debug|Any CPU
		{80E88B92-0858-42A7-8392-B2D20298FDB9}.Debug|x64.Deploy.0 = Debug|Any CPU
		{80E88B92-0858-42A7-8392-B2D20298FDB9}.Debug|x86.ActiveCfg = Debug|x86
		{80E88B92-0858-42A7-8392-B2D20298FDB9}.Debug|x86.Build.0 = Debug|x86
		{80E88B92-0858-42A7-8392-B2D20298FDB9}.Debug|x86.Deploy.0 = Debug|x86
		{80E88B92-0858-42A7-8392-B2D20298FDB9}.NuProj|Any CPU.ActiveCfg = Debug|Any CPU
		{80E88B92-0858-42A7-8392-B2D20298FDB9}.NuProj|Any CPU.Build.0 = Debug|Any CPU
		{80E88B92-0858-42A7-8392-B2D20298FDB9}.NuProj|Any CPU.Deploy.0 = Debug|Any CPU
		{80E88B92-0858-42A7-8392-B2D20298FDB9}.NuProj|ARM.ActiveCfg = Debug|ARM
		{80E88B92-0858-42A7-8392-B2D20298FDB9}.NuProj|ARM.Build.0 = Debug|ARM
		{80E88B92-0858-42A7-8392-B2D20298FDB9}.NuProj|ARM.Deploy.0 = Debug|ARM
		{80E88B92-0858-42A7-8392-B2D20298FDB9}.NuProj|iPhone.ActiveCfg = Debug|Any CPU
		{80E88B92-0858-42A7-8392-B2D20298FDB9}.NuProj|iPhone.Build.0 = Debug|Any CPU
		{80E88B92-0858-42A7-8392-B2D20298FDB9}.NuProj|iPhone.Deploy.0 = Debug|Any CPU
		{80E88B92-0858-42A7-8392-B2D20298FDB9}.NuProj|iPhoneSimulator.ActiveCfg = Debug|Any CPU
		{80E88B92-0858-42A7-8392-B2D20298FDB9}.NuProj|iPhoneSimulator.Build.0 = Debug|Any CPU
		{80E88B92-0858-42A7-8392-B2D20298FDB9}.NuProj|iPhoneSimulator.Deploy.0 = Debug|Any CPU
		{80E88B92-0858-42A7-8392-B2D20298FDB9}.NuProj|x64.ActiveCfg = Debug|Any CPU
		{80E88B92-0858-42A7-8392-B2D20298FDB9}.NuProj|x64.Build.0 = Debug|Any CPU
		{80E88B92-0858-42A7-8392-B2D20298FDB9}.NuProj|x64.Deploy.0 = Debug|Any CPU
		{80E88B92-0858-42A7-8392-B2D20298FDB9}.NuProj|x86.ActiveCfg = Debug|x86
		{80E88B92-0858-42A7-8392-B2D20298FDB9}.NuProj|x86.Build.0 = Debug|x86
		{80E88B92-0858-42A7-8392-B2D20298FDB9}.NuProj|x86.Deploy.0 = Debug|x86
		{80E88B92-0858-42A7-8392-B2D20298FDB9}.Release|Any CPU.ActiveCfg = Release|Any CPU
		{80E88B92-0858-42A7-8392-B2D20298FDB9}.Release|Any CPU.Build.0 = Release|Any CPU
		{80E88B92-0858-42A7-8392-B2D20298FDB9}.Release|Any CPU.Deploy.0 = Release|Any CPU
		{80E88B92-0858-42A7-8392-B2D20298FDB9}.Release|ARM.ActiveCfg = Release|ARM
		{80E88B92-0858-42A7-8392-B2D20298FDB9}.Release|ARM.Build.0 = Release|ARM
		{80E88B92-0858-42A7-8392-B2D20298FDB9}.Release|ARM.Deploy.0 = Release|ARM
		{80E88B92-0858-42A7-8392-B2D20298FDB9}.Release|iPhone.ActiveCfg = Release|Any CPU
		{80E88B92-0858-42A7-8392-B2D20298FDB9}.Release|iPhone.Build.0 = Release|Any CPU
		{80E88B92-0858-42A7-8392-B2D20298FDB9}.Release|iPhone.Deploy.0 = Release|Any CPU
		{80E88B92-0858-42A7-8392-B2D20298FDB9}.Release|iPhoneSimulator.ActiveCfg = Release|Any CPU
		{80E88B92-0858-42A7-8392-B2D20298FDB9}.Release|iPhoneSimulator.Build.0 = Release|Any CPU
		{80E88B92-0858-42A7-8392-B2D20298FDB9}.Release|iPhoneSimulator.Deploy.0 = Release|Any CPU
		{80E88B92-0858-42A7-8392-B2D20298FDB9}.Release|x64.ActiveCfg = Release|Any CPU
		{80E88B92-0858-42A7-8392-B2D20298FDB9}.Release|x64.Build.0 = Release|Any CPU
		{80E88B92-0858-42A7-8392-B2D20298FDB9}.Release|x64.Deploy.0 = Release|Any CPU
		{80E88B92-0858-42A7-8392-B2D20298FDB9}.Release|x86.ActiveCfg = Release|x86
		{80E88B92-0858-42A7-8392-B2D20298FDB9}.Release|x86.Build.0 = Release|x86
		{80E88B92-0858-42A7-8392-B2D20298FDB9}.Release|x86.Deploy.0 = Release|x86
		{DEE77312-E0AB-437A-8155-130995282299}.Ad-Hoc|Any CPU.ActiveCfg = Release|Any CPU
		{DEE77312-E0AB-437A-8155-130995282299}.Ad-Hoc|Any CPU.Build.0 = Release|Any CPU
		{DEE77312-E0AB-437A-8155-130995282299}.Ad-Hoc|Any CPU.Deploy.0 = Release|Any CPU
		{DEE77312-E0AB-437A-8155-130995282299}.Ad-Hoc|ARM.ActiveCfg = Release|ARM
		{DEE77312-E0AB-437A-8155-130995282299}.Ad-Hoc|ARM.Build.0 = Release|ARM
		{DEE77312-E0AB-437A-8155-130995282299}.Ad-Hoc|ARM.Deploy.0 = Release|ARM
		{DEE77312-E0AB-437A-8155-130995282299}.Ad-Hoc|iPhone.ActiveCfg = Release|Any CPU
		{DEE77312-E0AB-437A-8155-130995282299}.Ad-Hoc|iPhone.Build.0 = Release|Any CPU
		{DEE77312-E0AB-437A-8155-130995282299}.Ad-Hoc|iPhone.Deploy.0 = Release|Any CPU
		{DEE77312-E0AB-437A-8155-130995282299}.Ad-Hoc|iPhoneSimulator.ActiveCfg = Release|Any CPU
		{DEE77312-E0AB-437A-8155-130995282299}.Ad-Hoc|iPhoneSimulator.Build.0 = Release|Any CPU
		{DEE77312-E0AB-437A-8155-130995282299}.Ad-Hoc|iPhoneSimulator.Deploy.0 = Release|Any CPU
		{DEE77312-E0AB-437A-8155-130995282299}.Ad-Hoc|x64.ActiveCfg = Release|x64
		{DEE77312-E0AB-437A-8155-130995282299}.Ad-Hoc|x64.Build.0 = Release|x64
		{DEE77312-E0AB-437A-8155-130995282299}.Ad-Hoc|x64.Deploy.0 = Release|x64
		{DEE77312-E0AB-437A-8155-130995282299}.Ad-Hoc|x86.ActiveCfg = Release|x86
		{DEE77312-E0AB-437A-8155-130995282299}.Ad-Hoc|x86.Build.0 = Release|x86
		{DEE77312-E0AB-437A-8155-130995282299}.Ad-Hoc|x86.Deploy.0 = Release|x86
		{DEE77312-E0AB-437A-8155-130995282299}.AppStore|Any CPU.ActiveCfg = Release|Any CPU
		{DEE77312-E0AB-437A-8155-130995282299}.AppStore|Any CPU.Build.0 = Release|Any CPU
		{DEE77312-E0AB-437A-8155-130995282299}.AppStore|Any CPU.Deploy.0 = Release|Any CPU
		{DEE77312-E0AB-437A-8155-130995282299}.AppStore|ARM.ActiveCfg = Release|ARM
		{DEE77312-E0AB-437A-8155-130995282299}.AppStore|ARM.Build.0 = Release|ARM
		{DEE77312-E0AB-437A-8155-130995282299}.AppStore|ARM.Deploy.0 = Release|ARM
		{DEE77312-E0AB-437A-8155-130995282299}.AppStore|iPhone.ActiveCfg = Release|Any CPU
		{DEE77312-E0AB-437A-8155-130995282299}.AppStore|iPhone.Build.0 = Release|Any CPU
		{DEE77312-E0AB-437A-8155-130995282299}.AppStore|iPhone.Deploy.0 = Release|Any CPU
		{DEE77312-E0AB-437A-8155-130995282299}.AppStore|iPhoneSimulator.ActiveCfg = Release|Any CPU
		{DEE77312-E0AB-437A-8155-130995282299}.AppStore|iPhoneSimulator.Build.0 = Release|Any CPU
		{DEE77312-E0AB-437A-8155-130995282299}.AppStore|iPhoneSimulator.Deploy.0 = Release|Any CPU
		{DEE77312-E0AB-437A-8155-130995282299}.AppStore|x64.ActiveCfg = Release|x64
		{DEE77312-E0AB-437A-8155-130995282299}.AppStore|x64.Build.0 = Release|x64
		{DEE77312-E0AB-437A-8155-130995282299}.AppStore|x64.Deploy.0 = Release|x64
		{DEE77312-E0AB-437A-8155-130995282299}.AppStore|x86.ActiveCfg = Release|x86
		{DEE77312-E0AB-437A-8155-130995282299}.AppStore|x86.Build.0 = Release|x86
		{DEE77312-E0AB-437A-8155-130995282299}.AppStore|x86.Deploy.0 = Release|x86
		{DEE77312-E0AB-437A-8155-130995282299}.Debug|Any CPU.ActiveCfg = Debug|Any CPU
		{DEE77312-E0AB-437A-8155-130995282299}.Debug|Any CPU.Build.0 = Debug|Any CPU
		{DEE77312-E0AB-437A-8155-130995282299}.Debug|Any CPU.Deploy.0 = Debug|Any CPU
		{DEE77312-E0AB-437A-8155-130995282299}.Debug|ARM.ActiveCfg = Debug|ARM
		{DEE77312-E0AB-437A-8155-130995282299}.Debug|ARM.Build.0 = Debug|ARM
		{DEE77312-E0AB-437A-8155-130995282299}.Debug|ARM.Deploy.0 = Debug|ARM
		{DEE77312-E0AB-437A-8155-130995282299}.Debug|iPhone.ActiveCfg = Debug|Any CPU
		{DEE77312-E0AB-437A-8155-130995282299}.Debug|iPhone.Build.0 = Debug|Any CPU
		{DEE77312-E0AB-437A-8155-130995282299}.Debug|iPhone.Deploy.0 = Debug|Any CPU
		{DEE77312-E0AB-437A-8155-130995282299}.Debug|iPhoneSimulator.ActiveCfg = Debug|Any CPU
		{DEE77312-E0AB-437A-8155-130995282299}.Debug|iPhoneSimulator.Build.0 = Debug|Any CPU
		{DEE77312-E0AB-437A-8155-130995282299}.Debug|iPhoneSimulator.Deploy.0 = Debug|Any CPU
		{DEE77312-E0AB-437A-8155-130995282299}.Debug|x64.ActiveCfg = Debug|x64
		{DEE77312-E0AB-437A-8155-130995282299}.Debug|x64.Build.0 = Debug|x64
		{DEE77312-E0AB-437A-8155-130995282299}.Debug|x64.Deploy.0 = Debug|x64
		{DEE77312-E0AB-437A-8155-130995282299}.Debug|x86.ActiveCfg = Debug|x86
		{DEE77312-E0AB-437A-8155-130995282299}.Debug|x86.Build.0 = Debug|x86
		{DEE77312-E0AB-437A-8155-130995282299}.Debug|x86.Deploy.0 = Debug|x86
		{DEE77312-E0AB-437A-8155-130995282299}.NuProj|Any CPU.ActiveCfg = Debug|Any CPU
		{DEE77312-E0AB-437A-8155-130995282299}.NuProj|Any CPU.Build.0 = Debug|Any CPU
		{DEE77312-E0AB-437A-8155-130995282299}.NuProj|Any CPU.Deploy.0 = Debug|Any CPU
		{DEE77312-E0AB-437A-8155-130995282299}.NuProj|ARM.ActiveCfg = Debug|ARM
		{DEE77312-E0AB-437A-8155-130995282299}.NuProj|ARM.Build.0 = Debug|ARM
		{DEE77312-E0AB-437A-8155-130995282299}.NuProj|ARM.Deploy.0 = Debug|ARM
		{DEE77312-E0AB-437A-8155-130995282299}.NuProj|iPhone.ActiveCfg = Debug|Any CPU
		{DEE77312-E0AB-437A-8155-130995282299}.NuProj|iPhone.Build.0 = Debug|Any CPU
		{DEE77312-E0AB-437A-8155-130995282299}.NuProj|iPhone.Deploy.0 = Debug|Any CPU
		{DEE77312-E0AB-437A-8155-130995282299}.NuProj|iPhoneSimulator.ActiveCfg = Debug|Any CPU
		{DEE77312-E0AB-437A-8155-130995282299}.NuProj|iPhoneSimulator.Build.0 = Debug|Any CPU
		{DEE77312-E0AB-437A-8155-130995282299}.NuProj|iPhoneSimulator.Deploy.0 = Debug|Any CPU
		{DEE77312-E0AB-437A-8155-130995282299}.NuProj|x64.ActiveCfg = Debug|x64
		{DEE77312-E0AB-437A-8155-130995282299}.NuProj|x64.Build.0 = Debug|x64
		{DEE77312-E0AB-437A-8155-130995282299}.NuProj|x64.Deploy.0 = Debug|x64
		{DEE77312-E0AB-437A-8155-130995282299}.NuProj|x86.ActiveCfg = Debug|x86
		{DEE77312-E0AB-437A-8155-130995282299}.NuProj|x86.Build.0 = Debug|x86
		{DEE77312-E0AB-437A-8155-130995282299}.NuProj|x86.Deploy.0 = Debug|x86
		{DEE77312-E0AB-437A-8155-130995282299}.Release|Any CPU.ActiveCfg = Release|Any CPU
		{DEE77312-E0AB-437A-8155-130995282299}.Release|Any CPU.Build.0 = Release|Any CPU
		{DEE77312-E0AB-437A-8155-130995282299}.Release|Any CPU.Deploy.0 = Release|Any CPU
		{DEE77312-E0AB-437A-8155-130995282299}.Release|ARM.ActiveCfg = Release|ARM
		{DEE77312-E0AB-437A-8155-130995282299}.Release|ARM.Build.0 = Release|ARM
		{DEE77312-E0AB-437A-8155-130995282299}.Release|ARM.Deploy.0 = Release|ARM
		{DEE77312-E0AB-437A-8155-130995282299}.Release|iPhone.ActiveCfg = Release|Any CPU
		{DEE77312-E0AB-437A-8155-130995282299}.Release|iPhone.Build.0 = Release|Any CPU
		{DEE77312-E0AB-437A-8155-130995282299}.Release|iPhone.Deploy.0 = Release|Any CPU
		{DEE77312-E0AB-437A-8155-130995282299}.Release|iPhoneSimulator.ActiveCfg = Release|Any CPU
		{DEE77312-E0AB-437A-8155-130995282299}.Release|iPhoneSimulator.Build.0 = Release|Any CPU
		{DEE77312-E0AB-437A-8155-130995282299}.Release|iPhoneSimulator.Deploy.0 = Release|Any CPU
		{DEE77312-E0AB-437A-8155-130995282299}.Release|x64.ActiveCfg = Release|x64
		{DEE77312-E0AB-437A-8155-130995282299}.Release|x64.Build.0 = Release|x64
		{DEE77312-E0AB-437A-8155-130995282299}.Release|x64.Deploy.0 = Release|x64
		{DEE77312-E0AB-437A-8155-130995282299}.Release|x86.ActiveCfg = Release|x86
		{DEE77312-E0AB-437A-8155-130995282299}.Release|x86.Build.0 = Release|x86
		{DEE77312-E0AB-437A-8155-130995282299}.Release|x86.Deploy.0 = Release|x86
	EndGlobalSection
	GlobalSection(SolutionProperties) = preSolution
		HideSolutionNode = FALSE
	EndGlobalSection
EndGlobal
